// !$*UTF8*$!
{
	archiveVersion = 1;
	classes = {
	};
	objectVersion = 50;
	objects = {

/* Begin PBXBuildFile section */
		CF423ABA2404FB9200FFAB12 /* AppDelegate.swift in Sources */ = {isa = PBXBuildFile; fileRef = CF423AB92404FB9200FFAB12 /* AppDelegate.swift */; };
		CF423ABC2404FB9200FFAB12 /* SceneDelegate.swift in Sources */ = {isa = PBXBuildFile; fileRef = CF423ABB2404FB9200FFAB12 /* SceneDelegate.swift */; };
		CF423ABE2404FB9200FFAB12 /* ViewController.swift in Sources */ = {isa = PBXBuildFile; fileRef = CF423ABD2404FB9200FFAB12 /* ViewController.swift */; };
		CF423AC12404FB9200FFAB12 /* Main.storyboard in Resources */ = {isa = PBXBuildFile; fileRef = CF423ABF2404FB9200FFAB12 /* Main.storyboard */; };
		CF423AC32404FB9800FFAB12 /* Assets.xcassets in Resources */ = {isa = PBXBuildFile; fileRef = CF423AC22404FB9800FFAB12 /* Assets.xcassets */; };
		CF423AC62404FB9800FFAB12 /* LaunchScreen.storyboard in Resources */ = {isa = PBXBuildFile; fileRef = CF423AC42404FB9800FFAB12 /* LaunchScreen.storyboard */; };
		CF423AD124053FC000FFAB12 /* FoodModel.swift in Sources */ = {isa = PBXBuildFile; fileRef = CF423AD024053FC000FFAB12 /* FoodModel.swift */; };
		CF423AD3240541A900FFAB12 /* StorageFood.swift in Sources */ = {isa = PBXBuildFile; fileRef = CF423AD2240541A900FFAB12 /* StorageFood.swift */; };
		CF423AD52405A2FE00FFAB12 /* MealModel.swift in Sources */ = {isa = PBXBuildFile; fileRef = CF423AD42405A2FE00FFAB12 /* MealModel.swift */; };
		CF423AD72405A31A00FFAB12 /* StorageMeal.swift in Sources */ = {isa = PBXBuildFile; fileRef = CF423AD62405A31A00FFAB12 /* StorageMeal.swift */; };
		CF423AD92406915E00FFAB12 /* FoodListViewController.swift in Sources */ = {isa = PBXBuildFile; fileRef = CF423AD82406915E00FFAB12 /* FoodListViewController.swift */; };
		CF423ADE2406953900FFAB12 /* FoodCell.swift in Sources */ = {isa = PBXBuildFile; fileRef = CF423ADC2406953900FFAB12 /* FoodCell.swift */; };
		CF423ADF2406953900FFAB12 /* FoodCell.xib in Resources */ = {isa = PBXBuildFile; fileRef = CF423ADD2406953900FFAB12 /* FoodCell.xib */; };
		CF423AE22406B78C00FFAB12 /* AddNewProductViewController.swift in Sources */ = {isa = PBXBuildFile; fileRef = CF423AE12406B78C00FFAB12 /* AddNewProductViewController.swift */; };
/* End PBXBuildFile section */

/* Begin PBXFileReference section */
		CF423AB62404FB9200FFAB12 /* FoodConstructor.app */ = {isa = PBXFileReference; explicitFileType = wrapper.application; includeInIndex = 0; path = FoodConstructor.app; sourceTree = BUILT_PRODUCTS_DIR; };
		CF423AB92404FB9200FFAB12 /* AppDelegate.swift */ = {isa = PBXFileReference; lastKnownFileType = sourcecode.swift; path = AppDelegate.swift; sourceTree = "<group>"; };
		CF423ABB2404FB9200FFAB12 /* SceneDelegate.swift */ = {isa = PBXFileReference; lastKnownFileType = sourcecode.swift; path = SceneDelegate.swift; sourceTree = "<group>"; };
		CF423ABD2404FB9200FFAB12 /* ViewController.swift */ = {isa = PBXFileReference; lastKnownFileType = sourcecode.swift; path = ViewController.swift; sourceTree = "<group>"; };
		CF423AC02404FB9200FFAB12 /* Base */ = {isa = PBXFileReference; lastKnownFileType = file.storyboard; name = Base; path = Base.lproj/Main.storyboard; sourceTree = "<group>"; };
		CF423AC22404FB9800FFAB12 /* Assets.xcassets */ = {isa = PBXFileReference; lastKnownFileType = folder.assetcatalog; path = Assets.xcassets; sourceTree = "<group>"; };
		CF423AC52404FB9800FFAB12 /* Base */ = {isa = PBXFileReference; lastKnownFileType = file.storyboard; name = Base; path = Base.lproj/LaunchScreen.storyboard; sourceTree = "<group>"; };
		CF423AC72404FB9800FFAB12 /* Info.plist */ = {isa = PBXFileReference; lastKnownFileType = text.plist.xml; path = Info.plist; sourceTree = "<group>"; };
		CF423AD024053FC000FFAB12 /* FoodModel.swift */ = {isa = PBXFileReference; lastKnownFileType = sourcecode.swift; path = FoodModel.swift; sourceTree = "<group>"; };
		CF423AD2240541A900FFAB12 /* StorageFood.swift */ = {isa = PBXFileReference; lastKnownFileType = sourcecode.swift; path = StorageFood.swift; sourceTree = "<group>"; };
		CF423AD42405A2FE00FFAB12 /* MealModel.swift */ = {isa = PBXFileReference; lastKnownFileType = sourcecode.swift; path = MealModel.swift; sourceTree = "<group>"; };
		CF423AD62405A31A00FFAB12 /* StorageMeal.swift */ = {isa = PBXFileReference; lastKnownFileType = sourcecode.swift; path = StorageMeal.swift; sourceTree = "<group>"; };
		CF423AD82406915E00FFAB12 /* FoodListViewController.swift */ = {isa = PBXFileReference; lastKnownFileType = sourcecode.swift; path = FoodListViewController.swift; sourceTree = "<group>"; };
		CF423ADC2406953900FFAB12 /* FoodCell.swift */ = {isa = PBXFileReference; lastKnownFileType = sourcecode.swift; path = FoodCell.swift; sourceTree = "<group>"; };
		CF423ADD2406953900FFAB12 /* FoodCell.xib */ = {isa = PBXFileReference; lastKnownFileType = file.xib; path = FoodCell.xib; sourceTree = "<group>"; };
		CF423AE12406B78C00FFAB12 /* AddNewProductViewController.swift */ = {isa = PBXFileReference; lastKnownFileType = sourcecode.swift; path = AddNewProductViewController.swift; sourceTree = "<group>"; };
/* End PBXFileReference section */

/* Begin PBXFrameworksBuildPhase section */
		CF423AB32404FB9200FFAB12 /* Frameworks */ = {
			isa = PBXFrameworksBuildPhase;
			buildActionMask = 2147483647;
			files = (
			);
			runOnlyForDeploymentPostprocessing = 0;
		};
/* End PBXFrameworksBuildPhase section */

/* Begin PBXGroup section */
		CF423AAD2404FB9200FFAB12 = {
			isa = PBXGroup;
			children = (
				CF423AB82404FB9200FFAB12 /* FoodConstructor */,
				CF423AB72404FB9200FFAB12 /* Products */,
			);
			sourceTree = "<group>";
		};
		CF423AB72404FB9200FFAB12 /* Products */ = {
			isa = PBXGroup;
			children = (
				CF423AB62404FB9200FFAB12 /* FoodConstructor.app */,
			);
			name = Products;
			sourceTree = "<group>";
		};
		CF423AB82404FB9200FFAB12 /* FoodConstructor */ = {
			isa = PBXGroup;
			children = (
				CF423AE02406B75100FFAB12 /* AddNewProductViewController */,
				CF423ADA2406928A00FFAB12 /* FoodListViewController */,
				CF423ACD24050B5F00FFAB12 /*  Models */,
				CF423AB92404FB9200FFAB12 /* AppDelegate.swift */,
				CF423ABB2404FB9200FFAB12 /* SceneDelegate.swift */,
				CF423ABD2404FB9200FFAB12 /* ViewController.swift */,
				CF423ABF2404FB9200FFAB12 /* Main.storyboard */,
				CF423AC22404FB9800FFAB12 /* Assets.xcassets */,
				CF423AC42404FB9800FFAB12 /* LaunchScreen.storyboard */,
				CF423AC72404FB9800FFAB12 /* Info.plist */,
			);
			path = FoodConstructor;
			sourceTree = "<group>";
		};
		CF423ACD24050B5F00FFAB12 /*  Models */ = {
			isa = PBXGroup;
			children = (
				CF423ACE24053F5700FFAB12 /* FoodModel */,
				CF423ACF24053F7600FFAB12 /* MealModel */,
			);
			path = " Models";
			sourceTree = "<group>";
		};
		CF423ACE24053F5700FFAB12 /* FoodModel */ = {
			isa = PBXGroup;
			children = (
				CF423AD024053FC000FFAB12 /* FoodModel.swift */,
				CF423AD2240541A900FFAB12 /* StorageFood.swift */,
			);
			path = FoodModel;
			sourceTree = "<group>";
		};
		CF423ACF24053F7600FFAB12 /* MealModel */ = {
			isa = PBXGroup;
			children = (
				CF423AD42405A2FE00FFAB12 /* MealModel.swift */,
				CF423AD62405A31A00FFAB12 /* StorageMeal.swift */,
			);
			path = MealModel;
			sourceTree = "<group>";
		};
		CF423ADA2406928A00FFAB12 /* FoodListViewController */ = {
			isa = PBXGroup;
			children = (
				CF423ADB2406950F00FFAB12 /* foodCell */,
				CF423AD82406915E00FFAB12 /* FoodListViewController.swift */,
			);
			path = FoodListViewController;
			sourceTree = "<group>";
		};
		CF423ADB2406950F00FFAB12 /* foodCell */ = {
			isa = PBXGroup;
			children = (
				CF423ADC2406953900FFAB12 /* FoodCell.swift */,
				CF423ADD2406953900FFAB12 /* FoodCell.xib */,
			);
			path = foodCell;
			sourceTree = "<group>";
		};
		CF423AE02406B75100FFAB12 /* AddNewProductViewController */ = {
			isa = PBXGroup;
			children = (
				CF423AE12406B78C00FFAB12 /* AddNewProductViewController.swift */,
			);
			path = AddNewProductViewController;
			sourceTree = "<group>";
		};
/* End PBXGroup section */

/* Begin PBXNativeTarget section */
		CF423AB52404FB9200FFAB12 /* FoodConstructor */ = {
			isa = PBXNativeTarget;
			buildConfigurationList = CF423ACA2404FB9800FFAB12 /* Build configuration list for PBXNativeTarget "FoodConstructor" */;
			buildPhases = (
				CF423AB22404FB9200FFAB12 /* Sources */,
				CF423AB32404FB9200FFAB12 /* Frameworks */,
				CF423AB42404FB9200FFAB12 /* Resources */,
			);
			buildRules = (
			);
			dependencies = (
			);
			name = FoodConstructor;
			productName = FoodConstructor;
			productReference = CF423AB62404FB9200FFAB12 /* FoodConstructor.app */;
			productType = "com.apple.product-type.application";
		};
/* End PBXNativeTarget section */

/* Begin PBXProject section */
		CF423AAE2404FB9200FFAB12 /* Project object */ = {
			isa = PBXProject;
			attributes = {
				LastSwiftUpdateCheck = 1130;
				LastUpgradeCheck = 1130;
				ORGANIZATIONNAME = "Valeriia Zakharova";
				TargetAttributes = {
					CF423AB52404FB9200FFAB12 = {
						CreatedOnToolsVersion = 11.3.1;
					};
				};
			};
			buildConfigurationList = CF423AB12404FB9200FFAB12 /* Build configuration list for PBXProject "FoodConstructor" */;
			compatibilityVersion = "Xcode 9.3";
			developmentRegion = en;
			hasScannedForEncodings = 0;
			knownRegions = (
				en,
				Base,
			);
			mainGroup = CF423AAD2404FB9200FFAB12;
			productRefGroup = CF423AB72404FB9200FFAB12 /* Products */;
			projectDirPath = "";
			projectRoot = "";
			targets = (
				CF423AB52404FB9200FFAB12 /* FoodConstructor */,
			);
		};
/* End PBXProject section */

/* Begin PBXResourcesBuildPhase section */
		CF423AB42404FB9200FFAB12 /* Resources */ = {
			isa = PBXResourcesBuildPhase;
			buildActionMask = 2147483647;
			files = (
				CF423AC62404FB9800FFAB12 /* LaunchScreen.storyboard in Resources */,
				CF423ADF2406953900FFAB12 /* FoodCell.xib in Resources */,
				CF423AC32404FB9800FFAB12 /* Assets.xcassets in Resources */,
				CF423AC12404FB9200FFAB12 /* Main.storyboard in Resources */,
			);
			runOnlyForDeploymentPostprocessing = 0;
		};
/* End PBXResourcesBuildPhase section */

/* Begin PBXSourcesBuildPhase section */
		CF423AB22404FB9200FFAB12 /* Sources */ = {
			isa = PBXSourcesBuildPhase;
			buildActionMask = 2147483647;
			files = (
				CF423ABE2404FB9200FFAB12 /* ViewController.swift in Sources */,
				CF423AD124053FC000FFAB12 /* FoodModel.swift in Sources */,
				CF423AD92406915E00FFAB12 /* FoodListViewController.swift in Sources */,
				CF423ABA2404FB9200FFAB12 /* AppDelegate.swift in Sources */,
				CF423ABC2404FB9200FFAB12 /* SceneDelegate.swift in Sources */,
				CF423AD72405A31A00FFAB12 /* StorageMeal.swift in Sources */,
				CF423AD52405A2FE00FFAB12 /* MealModel.swift in Sources */,
				CF423ADE2406953900FFAB12 /* FoodCell.swift in Sources */,
				CF423AD3240541A900FFAB12 /* StorageFood.swift in Sources */,
				CF423AE22406B78C00FFAB12 /* AddNewProductViewController.swift in Sources */,
			);
			runOnlyForDeploymentPostprocessing = 0;
		};
/* End PBXSourcesBuildPhase section */

/* Begin PBXVariantGroup section */
		CF423ABF2404FB9200FFAB12 /* Main.storyboard */ = {
			isa = PBXVariantGroup;
			children = (
				CF423AC02404FB9200FFAB12 /* Base */,
			);
			name = Main.storyboard;
			sourceTree = "<group>";
		};
		CF423AC42404FB9800FFAB12 /* LaunchScreen.storyboard */ = {
			isa = PBXVariantGroup;
			children = (
				CF423AC52404FB9800FFAB12 /* Base */,
			);
			name = LaunchScreen.storyboard;
			sourceTree = "<group>";
		};
/* End PBXVariantGroup section */

/* Begin XCBuildConfiguration section */
		CF423AC82404FB9800FFAB12 /* Debug */ = {
			isa = XCBuildConfiguration;
			buildSettings = {
				ALWAYS_SEARCH_USER_PATHS = NO;
				CLANG_ANALYZER_NONNULL = YES;
				CLANG_ANALYZER_NUMBER_OBJECT_CONVERSION = YES_AGGRESSIVE;
				CLANG_CXX_LANGUAGE_STANDARD = "gnu++14";
				CLANG_CXX_LIBRARY = "libc++";
				CLANG_ENABLE_MODULES = YES;
				CLANG_ENABLE_OBJC_ARC = YES;
				CLANG_ENABLE_OBJC_WEAK = YES;
				CLANG_WARN_BLOCK_CAPTURE_AUTORELEASING = YES;
				CLANG_WARN_BOOL_CONVERSION = YES;
				CLANG_WARN_COMMA = YES;
				CLANG_WARN_CONSTANT_CONVERSION = YES;
				CLANG_WARN_DEPRECATED_OBJC_IMPLEMENTATIONS = YES;
				CLANG_WARN_DIRECT_OBJC_ISA_USAGE = YES_ERROR;
				CLANG_WARN_DOCUMENTATION_COMMENTS = YES;
				CLANG_WARN_EMPTY_BODY = YES;
				CLANG_WARN_ENUM_CONVERSION = YES;
				CLANG_WARN_INFINITE_RECURSION = YES;
				CLANG_WARN_INT_CONVERSION = YES;
				CLANG_WARN_NON_LITERAL_NULL_CONVERSION = YES;
				CLANG_WARN_OBJC_IMPLICIT_RETAIN_SELF = YES;
				CLANG_WARN_OBJC_LITERAL_CONVERSION = YES;
				CLANG_WARN_OBJC_ROOT_CLASS = YES_ERROR;
				CLANG_WARN_RANGE_LOOP_ANALYSIS = YES;
				CLANG_WARN_STRICT_PROTOTYPES = YES;
				CLANG_WARN_SUSPICIOUS_MOVE = YES;
				CLANG_WARN_UNGUARDED_AVAILABILITY = YES_AGGRESSIVE;
				CLANG_WARN_UNREACHABLE_CODE = YES;
				CLANG_WARN__DUPLICATE_METHOD_MATCH = YES;
				COPY_PHASE_STRIP = NO;
				DEBUG_INFORMATION_FORMAT = dwarf;
				ENABLE_STRICT_OBJC_MSGSEND = YES;
				ENABLE_TESTABILITY = YES;
				GCC_C_LANGUAGE_STANDARD = gnu11;
				GCC_DYNAMIC_NO_PIC = NO;
				GCC_NO_COMMON_BLOCKS = YES;
				GCC_OPTIMIZATION_LEVEL = 0;
				GCC_PREPROCESSOR_DEFINITIONS = (
					"DEBUG=1",
					"$(inherited)",
				);
				GCC_WARN_64_TO_32_BIT_CONVERSION = YES;
				GCC_WARN_ABOUT_RETURN_TYPE = YES_ERROR;
				GCC_WARN_UNDECLARED_SELECTOR = YES;
				GCC_WARN_UNINITIALIZED_AUTOS = YES_AGGRESSIVE;
				GCC_WARN_UNUSED_FUNCTION = YES;
				GCC_WARN_UNUSED_VARIABLE = YES;
				IPHONEOS_DEPLOYMENT_TARGET = 13.2;
				MTL_ENABLE_DEBUG_INFO = INCLUDE_SOURCE;
				MTL_FAST_MATH = YES;
				ONLY_ACTIVE_ARCH = YES;
				SDKROOT = iphoneos;
				SWIFT_ACTIVE_COMPILATION_CONDITIONS = DEBUG;
				SWIFT_OPTIMIZATION_LEVEL = "-Onone";
			};
			name = Debug;
		};
		CF423AC92404FB9800FFAB12 /* Release */ = {
			isa = XCBuildConfiguration;
			buildSettings = {
				ALWAYS_SEARCH_USER_PATHS = NO;
				CLANG_ANALYZER_NONNULL = YES;
				CLANG_ANALYZER_NUMBER_OBJECT_CONVERSION = YES_AGGRESSIVE;
				CLANG_CXX_LANGUAGE_STANDARD = "gnu++14";
				CLANG_CXX_LIBRARY = "libc++";
				CLANG_ENABLE_MODULES = YES;
				CLANG_ENABLE_OBJC_ARC = YES;
				CLANG_ENABLE_OBJC_WEAK = YES;
				CLANG_WARN_BLOCK_CAPTURE_AUTORELEASING = YES;
				CLANG_WARN_BOOL_CONVERSION = YES;
				CLANG_WARN_COMMA = YES;
				CLANG_WARN_CONSTANT_CONVERSION = YES;
				CLANG_WARN_DEPRECATED_OBJC_IMPLEMENTATIONS = YES;
				CLANG_WARN_DIRECT_OBJC_ISA_USAGE = YES_ERROR;
				CLANG_WARN_DOCUMENTATION_COMMENTS = YES;
				CLANG_WARN_EMPTY_BODY = YES;
				CLANG_WARN_ENUM_CONVERSION = YES;
				CLANG_WARN_INFINITE_RECURSION = YES;
				CLANG_WARN_INT_CONVERSION = YES;
				CLANG_WARN_NON_LITERAL_NULL_CONVERSION = YES;
				CLANG_WARN_OBJC_IMPLICIT_RETAIN_SELF = YES;
				CLANG_WARN_OBJC_LITERAL_CONVERSION = YES;
				CLANG_WARN_OBJC_ROOT_CLASS = YES_ERROR;
				CLANG_WARN_RANGE_LOOP_ANALYSIS = YES;
				CLANG_WARN_STRICT_PROTOTYPES = YES;
				CLANG_WARN_SUSPICIOUS_MOVE = YES;
				CLANG_WARN_UNGUARDED_AVAILABILITY = YES_AGGRESSIVE;
				CLANG_WARN_UNREACHABLE_CODE = YES;
				CLANG_WARN__DUPLICATE_METHOD_MATCH = YES;
				COPY_PHASE_STRIP = NO;
				DEBUG_INFORMATION_FORMAT = "dwarf-with-dsym";
				ENABLE_NS_ASSERTIONS = NO;
				ENABLE_STRICT_OBJC_MSGSEND = YES;
				GCC_C_LANGUAGE_STANDARD = gnu11;
				GCC_NO_COMMON_BLOCKS = YES;
				GCC_WARN_64_TO_32_BIT_CONVERSION = YES;
				GCC_WARN_ABOUT_RETURN_TYPE = YES_ERROR;
				GCC_WARN_UNDECLARED_SELECTOR = YES;
				GCC_WARN_UNINITIALIZED_AUTOS = YES_AGGRESSIVE;
				GCC_WARN_UNUSED_FUNCTION = YES;
				GCC_WARN_UNUSED_VARIABLE = YES;
				IPHONEOS_DEPLOYMENT_TARGET = 13.2;
				MTL_ENABLE_DEBUG_INFO = NO;
				MTL_FAST_MATH = YES;
				SDKROOT = iphoneos;
				SWIFT_COMPILATION_MODE = wholemodule;
				SWIFT_OPTIMIZATION_LEVEL = "-O";
				VALIDATE_PRODUCT = YES;
			};
			name = Release;
		};
		CF423ACB2404FB9800FFAB12 /* Debug */ = {
			isa = XCBuildConfiguration;
			buildSettings = {
				ASSETCATALOG_COMPILER_APPICON_NAME = AppIcon;
				CODE_SIGN_STYLE = Automatic;
				DEVELOPMENT_TEAM = 36HNVXMM9F;
				INFOPLIST_FILE = FoodConstructor/Info.plist;
				LD_RUNPATH_SEARCH_PATHS = (
					"$(inherited)",
					"@executable_path/Frameworks",
				);
				PRODUCT_BUNDLE_IDENTIFIER = ValeriiaZakharova.FoodConstructor;
				PRODUCT_NAME = "$(TARGET_NAME)";
				SWIFT_VERSION = 5.0;
				TARGETED_DEVICE_FAMILY = "1,2";
			};
			name = Debug;
		};
		CF423ACC2404FB9800FFAB12 /* Release */ = {
			isa = XCBuildConfiguration;
			buildSettings = {
				ASSETCATALOG_COMPILER_APPICON_NAME = AppIcon;
				CODE_SIGN_STYLE = Automatic;
				DEVELOPMENT_TEAM = 36HNVXMM9F;
				INFOPLIST_FILE = FoodConstructor/Info.plist;
				LD_RUNPATH_SEARCH_PATHS = (
					"$(inherited)",
					"@executable_path/Frameworks",
				);
				PRODUCT_BUNDLE_IDENTIFIER = ValeriiaZakharova.FoodConstructor;
				PRODUCT_NAME = "$(TARGET_NAME)";
				SWIFT_VERSION = 5.0;
				TARGETED_DEVICE_FAMILY = "1,2";
			};
			name = Release;
		};
/* End XCBuildConfiguration section */

/* Begin XCConfigurationList section */
		CF423AB12404FB9200FFAB12 /* Build configuration list for PBXProject "FoodConstructor" */ = {
			isa = XCConfigurationList;
			buildConfigurations = (
				CF423AC82404FB9800FFAB12 /* Debug */,
				CF423AC92404FB9800FFAB12 /* Release */,
			);
			defaultConfigurationIsVisible = 0;
			defaultConfigurationName = Release;
		};
		CF423ACA2404FB9800FFAB12 /* Build configuration list for PBXNativeTarget "FoodConstructor" */ = {
			isa = XCConfigurationList;
			buildConfigurations = (
				CF423ACB2404FB9800FFAB12 /* Debug */,
				CF423ACC2404FB9800FFAB12 /* Release */,
			);
			defaultConfigurationIsVisible = 0;
			defaultConfigurationName = Release;
		};
/* End XCConfigurationList section */
	};
	rootObject = CF423AAE2404FB9200FFAB12 /* Project object */;
}
